{
  "name": "dummyapp",
  "version": "1.0.0",
  "lockfileVersion": 1,
  "requires": true,
  "dependencies": {
    "@angular/core": {
      "version": "6.1.0",
      "resolved": "https://registry.npmjs.org/@angular/core/-/core-6.1.0.tgz",
      "integrity": "sha512-gWu9Q7q2+fhFC5dl/BvGW7Ha7NUJtK9wQLYQlfIMim4lKTOiM1/S0MYBVMrEq58ldMr9DnA35f5jGno3x6/v+g==",
      "requires": {
        "tslib": "1.9.3"
      }
    },
    "tslib": {
      "version": "1.9.3",
      "resolved": "https://registry.npmjs.org/tslib/-/tslib-1.9.3.tgz",
      "integrity": "sha512-4krF8scpejhaOgqzBEcGM7yDIEfi0/8+8zDRZhNZZ2kjmHJ4hv3zCbQWxoJGz1iw5U0Jl0nma13xzHXcncMavQ=="
    },
    "zone.js": {
      "version": "0.8.27",
      "resolved": "https://registry.npmjs.org/zone.js/-/zone.js-0.8.27.tgz",
      "integrity": "sha512-Gbv0wmh0paF4Q60zzcF28+qBWIxtMVuRKBCBm0hvLupZsN/SX7TYYcgYWoVH8MkP+yl0jHlyGHy4dIYUgZvBqA=="
    }
  }
}
